// !$*UTF8*$!
{
	archiveVersion = 1;
	classes = {
	};
	objectVersion = 56;
	objects = {

/* Begin PBXBuildFile section */
		1814B98829F6AD7F00C042F0 /* ModifyDetailProductRequest.swift in Sources */ = {isa = PBXBuildFile; fileRef = 1814B98729F6AD7F00C042F0 /* ModifyDetailProductRequest.swift */; };
		1816DCCF29EE3492005FB59D /* PhotoPicker.swift in Sources */ = {isa = PBXBuildFile; fileRef = 1816DCCE29EE3492005FB59D /* PhotoPicker.swift */; };
		1816DCD229EE39D0005FB59D /* AddNewProductViewModel.swift in Sources */ = {isa = PBXBuildFile; fileRef = 1816DCD129EE39D0005FB59D /* AddNewProductViewModel.swift */; };
		1825DF0A29E55293007BAE8D /* OpenMarket_SwiftUIApp.swift in Sources */ = {isa = PBXBuildFile; fileRef = 1825DF0929E55293007BAE8D /* OpenMarket_SwiftUIApp.swift */; };
		1825DF0C29E55293007BAE8D /* ContentView.swift in Sources */ = {isa = PBXBuildFile; fileRef = 1825DF0B29E55293007BAE8D /* ContentView.swift */; };
		1825DF0E29E55293007BAE8D /* Assets.xcassets in Resources */ = {isa = PBXBuildFile; fileRef = 1825DF0D29E55293007BAE8D /* Assets.xcassets */; };
		1825DF1929E56A0B007BAE8D /* ProductListView.swift in Sources */ = {isa = PBXBuildFile; fileRef = 1825DF1829E56A0B007BAE8D /* ProductListView.swift */; };
		1825DF1D29E56AEE007BAE8D /* ProductListCellView.swift in Sources */ = {isa = PBXBuildFile; fileRef = 1825DF1C29E56AEE007BAE8D /* ProductListCellView.swift */; };
		1825DF1F29E56BB5007BAE8D /* ProductGridCellView.swift in Sources */ = {isa = PBXBuildFile; fileRef = 1825DF1E29E56BB5007BAE8D /* ProductGridCellView.swift */; };
		1825DF2329E56EAC007BAE8D /* ProductListViewModel.swift in Sources */ = {isa = PBXBuildFile; fileRef = 1825DF2229E56EAC007BAE8D /* ProductListViewModel.swift */; };
		183C312129E5716C00DFEBC0 /* Preview Assets.xcassets in Resources */ = {isa = PBXBuildFile; fileRef = 183C312029E5716C00DFEBC0 /* Preview Assets.xcassets */; };
		183C312729E5A39600DFEBC0 /* MarketProductRepository.swift in Sources */ = {isa = PBXBuildFile; fileRef = 183C312629E5A39600DFEBC0 /* MarketProductRepository.swift */; };
		183C312A29E5A3D900DFEBC0 /* EndPointing.swift in Sources */ = {isa = PBXBuildFile; fileRef = 183C312929E5A3D900DFEBC0 /* EndPointing.swift */; };
		183C312D29E5A99300DFEBC0 /* WebRepository.swift in Sources */ = {isa = PBXBuildFile; fileRef = 183C312C29E5A99300DFEBC0 /* WebRepository.swift */; };
		1851194029ED4A5E00AB1758 /* AddNewProductView.swift in Sources */ = {isa = PBXBuildFile; fileRef = 1851193F29ED4A5E00AB1758 /* AddNewProductView.swift */; };
		18911BFB29EE670800110C3D /* Alamofire in Frameworks */ = {isa = PBXBuildFile; productRef = 18911BFA29EE670800110C3D /* Alamofire */; };
		1894080E29EE8AFE00762103 /* RequestProduct.swift in Sources */ = {isa = PBXBuildFile; fileRef = 1894080D29EE8AFE00762103 /* RequestProduct.swift */; };
		1894081029EE8B5A00762103 /* DetailProduct.swift in Sources */ = {isa = PBXBuildFile; fileRef = 1894080F29EE8B5A00762103 /* DetailProduct.swift */; };
		1894081429EEC96400762103 /* ToastAlert.swift in Sources */ = {isa = PBXBuildFile; fileRef = 1894081329EEC96400762103 /* ToastAlert.swift */; };
		18A77ECA29EC460000A3A5A9 /* NumberFormatter + Extension.swift in Sources */ = {isa = PBXBuildFile; fileRef = 18A77EC929EC460000A3A5A9 /* NumberFormatter + Extension.swift */; };
		18D99C1329E9223D009100DD /* ProductResponse.swift in Sources */ = {isa = PBXBuildFile; fileRef = 18D99C1229E9223D009100DD /* ProductResponse.swift */; };
		18EA2EEA29F117B80019E137 /* DetailProductView.swift in Sources */ = {isa = PBXBuildFile; fileRef = 18EA2EE929F117B80019E137 /* DetailProductView.swift */; };
		18EA2EEF29F12D8D0019E137 /* DetailProductViewModel.swift in Sources */ = {isa = PBXBuildFile; fileRef = 18EA2EEE29F12D8D0019E137 /* DetailProductViewModel.swift */; };
/* End PBXBuildFile section */

/* Begin PBXFileReference section */
		1814B98729F6AD7F00C042F0 /* ModifyDetailProductRequest.swift */ = {isa = PBXFileReference; lastKnownFileType = sourcecode.swift; path = ModifyDetailProductRequest.swift; sourceTree = "<group>"; };
		1816DCCE29EE3492005FB59D /* PhotoPicker.swift */ = {isa = PBXFileReference; lastKnownFileType = sourcecode.swift; path = PhotoPicker.swift; sourceTree = "<group>"; };
		1816DCD129EE39D0005FB59D /* AddNewProductViewModel.swift */ = {isa = PBXFileReference; lastKnownFileType = sourcecode.swift; path = AddNewProductViewModel.swift; sourceTree = "<group>"; };
		1825DF0629E55293007BAE8D /* OpenMarket_SwiftUI.app */ = {isa = PBXFileReference; explicitFileType = wrapper.application; includeInIndex = 0; path = OpenMarket_SwiftUI.app; sourceTree = BUILT_PRODUCTS_DIR; };
		1825DF0929E55293007BAE8D /* OpenMarket_SwiftUIApp.swift */ = {isa = PBXFileReference; lastKnownFileType = sourcecode.swift; path = OpenMarket_SwiftUIApp.swift; sourceTree = "<group>"; };
		1825DF0B29E55293007BAE8D /* ContentView.swift */ = {isa = PBXFileReference; lastKnownFileType = sourcecode.swift; path = ContentView.swift; sourceTree = "<group>"; };
		1825DF0D29E55293007BAE8D /* Assets.xcassets */ = {isa = PBXFileReference; lastKnownFileType = folder.assetcatalog; path = Assets.xcassets; sourceTree = "<group>"; };
		1825DF1829E56A0B007BAE8D /* ProductListView.swift */ = {isa = PBXFileReference; lastKnownFileType = sourcecode.swift; path = ProductListView.swift; sourceTree = "<group>"; };
		1825DF1C29E56AEE007BAE8D /* ProductListCellView.swift */ = {isa = PBXFileReference; lastKnownFileType = sourcecode.swift; path = ProductListCellView.swift; sourceTree = "<group>"; };
		1825DF1E29E56BB5007BAE8D /* ProductGridCellView.swift */ = {isa = PBXFileReference; lastKnownFileType = sourcecode.swift; path = ProductGridCellView.swift; sourceTree = "<group>"; };
		1825DF2229E56EAC007BAE8D /* ProductListViewModel.swift */ = {isa = PBXFileReference; lastKnownFileType = sourcecode.swift; path = ProductListViewModel.swift; sourceTree = "<group>"; };
		183C312029E5716C00DFEBC0 /* Preview Assets.xcassets */ = {isa = PBXFileReference; lastKnownFileType = folder.assetcatalog; name = "Preview Assets.xcassets"; path = "Preview Content/Preview Assets.xcassets"; sourceTree = "<group>"; };
		183C312629E5A39600DFEBC0 /* MarketProductRepository.swift */ = {isa = PBXFileReference; lastKnownFileType = sourcecode.swift; path = MarketProductRepository.swift; sourceTree = "<group>"; };
		183C312929E5A3D900DFEBC0 /* EndPointing.swift */ = {isa = PBXFileReference; lastKnownFileType = sourcecode.swift; path = EndPointing.swift; sourceTree = "<group>"; };
		183C312C29E5A99300DFEBC0 /* WebRepository.swift */ = {isa = PBXFileReference; lastKnownFileType = sourcecode.swift; path = WebRepository.swift; sourceTree = "<group>"; };
		1851193F29ED4A5E00AB1758 /* AddNewProductView.swift */ = {isa = PBXFileReference; lastKnownFileType = sourcecode.swift; path = AddNewProductView.swift; sourceTree = "<group>"; };
		1894080D29EE8AFE00762103 /* RequestProduct.swift */ = {isa = PBXFileReference; lastKnownFileType = sourcecode.swift; path = RequestProduct.swift; sourceTree = "<group>"; };
		1894080F29EE8B5A00762103 /* DetailProduct.swift */ = {isa = PBXFileReference; lastKnownFileType = sourcecode.swift; path = DetailProduct.swift; sourceTree = "<group>"; };
		1894081329EEC96400762103 /* ToastAlert.swift */ = {isa = PBXFileReference; lastKnownFileType = sourcecode.swift; path = ToastAlert.swift; sourceTree = "<group>"; };
		18A77EC929EC460000A3A5A9 /* NumberFormatter + Extension.swift */ = {isa = PBXFileReference; lastKnownFileType = sourcecode.swift; path = "NumberFormatter + Extension.swift"; sourceTree = "<group>"; };
		18D99C1229E9223D009100DD /* ProductResponse.swift */ = {isa = PBXFileReference; fileEncoding = 4; lastKnownFileType = sourcecode.swift; path = ProductResponse.swift; sourceTree = "<group>"; };
		18EA2EE929F117B80019E137 /* DetailProductView.swift */ = {isa = PBXFileReference; lastKnownFileType = sourcecode.swift; path = DetailProductView.swift; sourceTree = "<group>"; };
		18EA2EEE29F12D8D0019E137 /* DetailProductViewModel.swift */ = {isa = PBXFileReference; lastKnownFileType = sourcecode.swift; path = DetailProductViewModel.swift; sourceTree = "<group>"; };
/* End PBXFileReference section */

/* Begin PBXFrameworksBuildPhase section */
		1825DF0329E55293007BAE8D /* Frameworks */ = {
			isa = PBXFrameworksBuildPhase;
			buildActionMask = 2147483647;
			files = (
				18911BFB29EE670800110C3D /* Alamofire in Frameworks */,
			);
			runOnlyForDeploymentPostprocessing = 0;
		};
/* End PBXFrameworksBuildPhase section */

/* Begin PBXGroup section */
		1816DCD029EE39C6005FB59D /* ViewModel */ = {
			isa = PBXGroup;
			children = (
				1816DCD129EE39D0005FB59D /* AddNewProductViewModel.swift */,
			);
			path = ViewModel;
			sourceTree = "<group>";
		};
		1825DEFD29E55293007BAE8D = {
			isa = PBXGroup;
			children = (
				1825DF0829E55293007BAE8D /* OpenMarket_SwiftUI */,
				1825DF0729E55293007BAE8D /* Products */,
			);
			sourceTree = "<group>";
		};
		1825DF0729E55293007BAE8D /* Products */ = {
			isa = PBXGroup;
			children = (
				1825DF0629E55293007BAE8D /* OpenMarket_SwiftUI.app */,
			);
			name = Products;
			sourceTree = "<group>";
		};
		1825DF0829E55293007BAE8D /* OpenMarket_SwiftUI */ = {
			isa = PBXGroup;
			children = (
				1825DF2529E5712C007BAE8D /* Source */,
				1825DF2429E57123007BAE8D /* Resource */,
			);
			path = OpenMarket_SwiftUI;
			sourceTree = "<group>";
		};
		1825DF1729E56A01007BAE8D /* Scene */ = {
			isa = PBXGroup;
			children = (
				18EA2EE829F117A90019E137 /* DetailProductView */,
				1825DF0B29E55293007BAE8D /* ContentView.swift */,
				1851193E29ED4A4800AB1758 /* AddNewProductView */,
				1825DF1A29E56AD4007BAE8D /* ProductListView */,
			);
			path = Scene;
			sourceTree = "<group>";
		};
		1825DF1A29E56AD4007BAE8D /* ProductListView */ = {
			isa = PBXGroup;
			children = (
				1825DF2129E56EA3007BAE8D /* ViewModel */,
				1825DF2029E56E9D007BAE8D /* View */,
			);
			path = ProductListView;
			sourceTree = "<group>";
		};
		1825DF1B29E56ADD007BAE8D /* CellViews */ = {
			isa = PBXGroup;
			children = (
				1825DF1C29E56AEE007BAE8D /* ProductListCellView.swift */,
				1825DF1E29E56BB5007BAE8D /* ProductGridCellView.swift */,
			);
			path = CellViews;
			sourceTree = "<group>";
		};
		1825DF2029E56E9D007BAE8D /* View */ = {
			isa = PBXGroup;
			children = (
				1825DF1829E56A0B007BAE8D /* ProductListView.swift */,
				1825DF1B29E56ADD007BAE8D /* CellViews */,
			);
			path = View;
			sourceTree = "<group>";
		};
		1825DF2129E56EA3007BAE8D /* ViewModel */ = {
			isa = PBXGroup;
			children = (
				1825DF2229E56EAC007BAE8D /* ProductListViewModel.swift */,
			);
			path = ViewModel;
			sourceTree = "<group>";
		};
		1825DF2429E57123007BAE8D /* Resource */ = {
			isa = PBXGroup;
			children = (
				1894081129EEBBFC00762103 /* Application */,
				18D99C1129E9223D009100DD /* Entity */,
				183C312829E5A3CF00DFEBC0 /* Utility */,
				183C312529E5A37400DFEBC0 /* Repository */,
				1825DF1729E56A01007BAE8D /* Scene */,
			);
			path = Resource;
			sourceTree = "<group>";
		};
		1825DF2529E5712C007BAE8D /* Source */ = {
			isa = PBXGroup;
			children = (
				1825DF0D29E55293007BAE8D /* Assets.xcassets */,
				183C312029E5716C00DFEBC0 /* Preview Assets.xcassets */,
			);
			path = Source;
			sourceTree = "<group>";
		};
		183C312529E5A37400DFEBC0 /* Repository */ = {
			isa = PBXGroup;
			children = (
				183C312629E5A39600DFEBC0 /* MarketProductRepository.swift */,
			);
			path = Repository;
			sourceTree = "<group>";
		};
		183C312829E5A3CF00DFEBC0 /* Utility */ = {
			isa = PBXGroup;
			children = (
				1894081229EEC94C00762103 /* ViewModifier */,
				18A77EC829EC45F000A3A5A9 /* Extensions */,
				183C312929E5A3D900DFEBC0 /* EndPointing.swift */,
				183C312C29E5A99300DFEBC0 /* WebRepository.swift */,
			);
			path = Utility;
			sourceTree = "<group>";
		};
		1851193E29ED4A4800AB1758 /* AddNewProductView */ = {
			isa = PBXGroup;
			children = (
				1816DCD029EE39C6005FB59D /* ViewModel */,
				1851193F29ED4A5E00AB1758 /* AddNewProductView.swift */,
				1816DCCE29EE3492005FB59D /* PhotoPicker.swift */,
			);
			path = AddNewProductView;
			sourceTree = "<group>";
		};
		1894081129EEBBFC00762103 /* Application */ = {
			isa = PBXGroup;
			children = (
				1825DF0929E55293007BAE8D /* OpenMarket_SwiftUIApp.swift */,
			);
			path = Application;
			sourceTree = "<group>";
		};
		1894081229EEC94C00762103 /* ViewModifier */ = {
			isa = PBXGroup;
			children = (
				1894081329EEC96400762103 /* ToastAlert.swift */,
			);
			path = ViewModifier;
			sourceTree = "<group>";
		};
		18A77EC829EC45F000A3A5A9 /* Extensions */ = {
			isa = PBXGroup;
			children = (
				18A77EC929EC460000A3A5A9 /* NumberFormatter + Extension.swift */,
			);
			path = Extensions;
			sourceTree = "<group>";
		};
		18D99C1129E9223D009100DD /* Entity */ = {
			isa = PBXGroup;
			children = (
				18D99C1229E9223D009100DD /* ProductResponse.swift */,
				1894080D29EE8AFE00762103 /* RequestProduct.swift */,
				1894080F29EE8B5A00762103 /* DetailProduct.swift */,
				1814B98729F6AD7F00C042F0 /* ModifyDetailProductRequest.swift */,
			);
			path = Entity;
			sourceTree = "<group>";
		};
		18EA2EE829F117A90019E137 /* DetailProductView */ = {
			isa = PBXGroup;
			children = (
				18EA2EED29F12D7F0019E137 /* ViewModel */,
				18EA2EE929F117B80019E137 /* DetailProductView.swift */,
			);
			path = DetailProductView;
			sourceTree = "<group>";
		};
		18EA2EED29F12D7F0019E137 /* ViewModel */ = {
			isa = PBXGroup;
			children = (
				18EA2EEE29F12D8D0019E137 /* DetailProductViewModel.swift */,
			);
			path = ViewModel;
			sourceTree = "<group>";
		};
/* End PBXGroup section */

/* Begin PBXNativeTarget section */
		1825DF0529E55293007BAE8D /* OpenMarket_SwiftUI */ = {
			isa = PBXNativeTarget;
			buildConfigurationList = 1825DF1429E55293007BAE8D /* Build configuration list for PBXNativeTarget "OpenMarket_SwiftUI" */;
			buildPhases = (
				1825DF0229E55293007BAE8D /* Sources */,
				1825DF0329E55293007BAE8D /* Frameworks */,
				1825DF0429E55293007BAE8D /* Resources */,
			);
			buildRules = (
			);
			dependencies = (
			);
			name = OpenMarket_SwiftUI;
			packageProductDependencies = (
				18911BFA29EE670800110C3D /* Alamofire */,
			);
			productName = OpenMarket_SwiftUI;
			productReference = 1825DF0629E55293007BAE8D /* OpenMarket_SwiftUI.app */;
			productType = "com.apple.product-type.application";
		};
/* End PBXNativeTarget section */

/* Begin PBXProject section */
		1825DEFE29E55293007BAE8D /* Project object */ = {
			isa = PBXProject;
			attributes = {
				BuildIndependentTargetsInParallel = 1;
				LastSwiftUpdateCheck = 1420;
				LastUpgradeCheck = 1420;
				TargetAttributes = {
					1825DF0529E55293007BAE8D = {
						CreatedOnToolsVersion = 14.2;
					};
				};
			};
			buildConfigurationList = 1825DF0129E55293007BAE8D /* Build configuration list for PBXProject "OpenMarket_SwiftUI" */;
			compatibilityVersion = "Xcode 14.0";
			developmentRegion = en;
			hasScannedForEncodings = 0;
			knownRegions = (
				en,
				Base,
			);
			mainGroup = 1825DEFD29E55293007BAE8D;
			packageReferences = (
				18911BF929EE670800110C3D /* XCRemoteSwiftPackageReference "Alamofire" */,
			);
			productRefGroup = 1825DF0729E55293007BAE8D /* Products */;
			projectDirPath = "";
			projectRoot = "";
			targets = (
				1825DF0529E55293007BAE8D /* OpenMarket_SwiftUI */,
			);
		};
/* End PBXProject section */

/* Begin PBXResourcesBuildPhase section */
		1825DF0429E55293007BAE8D /* Resources */ = {
			isa = PBXResourcesBuildPhase;
			buildActionMask = 2147483647;
			files = (
				183C312129E5716C00DFEBC0 /* Preview Assets.xcassets in Resources */,
				1825DF0E29E55293007BAE8D /* Assets.xcassets in Resources */,
			);
			runOnlyForDeploymentPostprocessing = 0;
		};
/* End PBXResourcesBuildPhase section */

/* Begin PBXSourcesBuildPhase section */
		1825DF0229E55293007BAE8D /* Sources */ = {
			isa = PBXSourcesBuildPhase;
			buildActionMask = 2147483647;
			files = (
				1814B98829F6AD7F00C042F0 /* ModifyDetailProductRequest.swift in Sources */,
				1825DF1D29E56AEE007BAE8D /* ProductListCellView.swift in Sources */,
				18D99C1329E9223D009100DD /* ProductResponse.swift in Sources */,
				1894081029EE8B5A00762103 /* DetailProduct.swift in Sources */,
				1825DF1929E56A0B007BAE8D /* ProductListView.swift in Sources */,
				1825DF2329E56EAC007BAE8D /* ProductListViewModel.swift in Sources */,
				183C312A29E5A3D900DFEBC0 /* EndPointing.swift in Sources */,
				1825DF0C29E55293007BAE8D /* ContentView.swift in Sources */,
				1825DF0A29E55293007BAE8D /* OpenMarket_SwiftUIApp.swift in Sources */,
				18A77ECA29EC460000A3A5A9 /* NumberFormatter + Extension.swift in Sources */,
				18EA2EEF29F12D8D0019E137 /* DetailProductViewModel.swift in Sources */,
				183C312D29E5A99300DFEBC0 /* WebRepository.swift in Sources */,
				1816DCD229EE39D0005FB59D /* AddNewProductViewModel.swift in Sources */,
				1851194029ED4A5E00AB1758 /* AddNewProductView.swift in Sources */,
				1894080E29EE8AFE00762103 /* RequestProduct.swift in Sources */,
				1816DCCF29EE3492005FB59D /* PhotoPicker.swift in Sources */,
				1894081429EEC96400762103 /* ToastAlert.swift in Sources */,
				18EA2EEA29F117B80019E137 /* DetailProductView.swift in Sources */,
				183C312729E5A39600DFEBC0 /* MarketProductRepository.swift in Sources */,
				1825DF1F29E56BB5007BAE8D /* ProductGridCellView.swift in Sources */,
			);
			runOnlyForDeploymentPostprocessing = 0;
		};
/* End PBXSourcesBuildPhase section */

/* Begin XCBuildConfiguration section */
		1825DF1229E55293007BAE8D /* Debug */ = {
			isa = XCBuildConfiguration;
			buildSettings = {
				ALWAYS_SEARCH_USER_PATHS = NO;
				CLANG_ANALYZER_NONNULL = YES;
				CLANG_ANALYZER_NUMBER_OBJECT_CONVERSION = YES_AGGRESSIVE;
				CLANG_CXX_LANGUAGE_STANDARD = "gnu++20";
				CLANG_ENABLE_MODULES = YES;
				CLANG_ENABLE_OBJC_ARC = YES;
				CLANG_ENABLE_OBJC_WEAK = YES;
				CLANG_WARN_BLOCK_CAPTURE_AUTORELEASING = YES;
				CLANG_WARN_BOOL_CONVERSION = YES;
				CLANG_WARN_COMMA = YES;
				CLANG_WARN_CONSTANT_CONVERSION = YES;
				CLANG_WARN_DEPRECATED_OBJC_IMPLEMENTATIONS = YES;
				CLANG_WARN_DIRECT_OBJC_ISA_USAGE = YES_ERROR;
				CLANG_WARN_DOCUMENTATION_COMMENTS = YES;
				CLANG_WARN_EMPTY_BODY = YES;
				CLANG_WARN_ENUM_CONVERSION = YES;
				CLANG_WARN_INFINITE_RECURSION = YES;
				CLANG_WARN_INT_CONVERSION = YES;
				CLANG_WARN_NON_LITERAL_NULL_CONVERSION = YES;
				CLANG_WARN_OBJC_IMPLICIT_RETAIN_SELF = YES;
				CLANG_WARN_OBJC_LITERAL_CONVERSION = YES;
				CLANG_WARN_OBJC_ROOT_CLASS = YES_ERROR;
				CLANG_WARN_QUOTED_INCLUDE_IN_FRAMEWORK_HEADER = YES;
				CLANG_WARN_RANGE_LOOP_ANALYSIS = YES;
				CLANG_WARN_STRICT_PROTOTYPES = YES;
				CLANG_WARN_SUSPICIOUS_MOVE = YES;
				CLANG_WARN_UNGUARDED_AVAILABILITY = YES_AGGRESSIVE;
				CLANG_WARN_UNREACHABLE_CODE = YES;
				CLANG_WARN__DUPLICATE_METHOD_MATCH = YES;
				COPY_PHASE_STRIP = NO;
				DEBUG_INFORMATION_FORMAT = dwarf;
				ENABLE_STRICT_OBJC_MSGSEND = YES;
				ENABLE_TESTABILITY = YES;
				GCC_C_LANGUAGE_STANDARD = gnu11;
				GCC_DYNAMIC_NO_PIC = NO;
				GCC_NO_COMMON_BLOCKS = YES;
				GCC_OPTIMIZATION_LEVEL = 0;
				GCC_PREPROCESSOR_DEFINITIONS = (
					"DEBUG=1",
					"$(inherited)",
				);
				GCC_WARN_64_TO_32_BIT_CONVERSION = YES;
				GCC_WARN_ABOUT_RETURN_TYPE = YES_ERROR;
				GCC_WARN_UNDECLARED_SELECTOR = YES;
				GCC_WARN_UNINITIALIZED_AUTOS = YES_AGGRESSIVE;
				GCC_WARN_UNUSED_FUNCTION = YES;
				GCC_WARN_UNUSED_VARIABLE = YES;
				IPHONEOS_DEPLOYMENT_TARGET = 15.0;
				MTL_ENABLE_DEBUG_INFO = INCLUDE_SOURCE;
				MTL_FAST_MATH = YES;
				ONLY_ACTIVE_ARCH = YES;
				SDKROOT = iphoneos;
				SWIFT_ACTIVE_COMPILATION_CONDITIONS = DEBUG;
				SWIFT_OPTIMIZATION_LEVEL = "-Onone";
			};
			name = Debug;
		};
		1825DF1329E55293007BAE8D /* Release */ = {
			isa = XCBuildConfiguration;
			buildSettings = {
				ALWAYS_SEARCH_USER_PATHS = NO;
				CLANG_ANALYZER_NONNULL = YES;
				CLANG_ANALYZER_NUMBER_OBJECT_CONVERSION = YES_AGGRESSIVE;
				CLANG_CXX_LANGUAGE_STANDARD = "gnu++20";
				CLANG_ENABLE_MODULES = YES;
				CLANG_ENABLE_OBJC_ARC = YES;
				CLANG_ENABLE_OBJC_WEAK = YES;
				CLANG_WARN_BLOCK_CAPTURE_AUTORELEASING = YES;
				CLANG_WARN_BOOL_CONVERSION = YES;
				CLANG_WARN_COMMA = YES;
				CLANG_WARN_CONSTANT_CONVERSION = YES;
				CLANG_WARN_DEPRECATED_OBJC_IMPLEMENTATIONS = YES;
				CLANG_WARN_DIRECT_OBJC_ISA_USAGE = YES_ERROR;
				CLANG_WARN_DOCUMENTATION_COMMENTS = YES;
				CLANG_WARN_EMPTY_BODY = YES;
				CLANG_WARN_ENUM_CONVERSION = YES;
				CLANG_WARN_INFINITE_RECURSION = YES;
				CLANG_WARN_INT_CONVERSION = YES;
				CLANG_WARN_NON_LITERAL_NULL_CONVERSION = YES;
				CLANG_WARN_OBJC_IMPLICIT_RETAIN_SELF = YES;
				CLANG_WARN_OBJC_LITERAL_CONVERSION = YES;
				CLANG_WARN_OBJC_ROOT_CLASS = YES_ERROR;
				CLANG_WARN_QUOTED_INCLUDE_IN_FRAMEWORK_HEADER = YES;
				CLANG_WARN_RANGE_LOOP_ANALYSIS = YES;
				CLANG_WARN_STRICT_PROTOTYPES = YES;
				CLANG_WARN_SUSPICIOUS_MOVE = YES;
				CLANG_WARN_UNGUARDED_AVAILABILITY = YES_AGGRESSIVE;
				CLANG_WARN_UNREACHABLE_CODE = YES;
				CLANG_WARN__DUPLICATE_METHOD_MATCH = YES;
				COPY_PHASE_STRIP = NO;
				DEBUG_INFORMATION_FORMAT = "dwarf-with-dsym";
				ENABLE_NS_ASSERTIONS = NO;
				ENABLE_STRICT_OBJC_MSGSEND = YES;
				GCC_C_LANGUAGE_STANDARD = gnu11;
				GCC_NO_COMMON_BLOCKS = YES;
				GCC_WARN_64_TO_32_BIT_CONVERSION = YES;
				GCC_WARN_ABOUT_RETURN_TYPE = YES_ERROR;
				GCC_WARN_UNDECLARED_SELECTOR = YES;
				GCC_WARN_UNINITIALIZED_AUTOS = YES_AGGRESSIVE;
				GCC_WARN_UNUSED_FUNCTION = YES;
				GCC_WARN_UNUSED_VARIABLE = YES;
				IPHONEOS_DEPLOYMENT_TARGET = 15.0;
				MTL_ENABLE_DEBUG_INFO = NO;
				MTL_FAST_MATH = YES;
				SDKROOT = iphoneos;
				SWIFT_COMPILATION_MODE = wholemodule;
				SWIFT_OPTIMIZATION_LEVEL = "-O";
				VALIDATE_PRODUCT = YES;
			};
			name = Release;
		};
		1825DF1529E55293007BAE8D /* Debug */ = {
			isa = XCBuildConfiguration;
			buildSettings = {
				ASSETCATALOG_COMPILER_APPICON_NAME = AppIcon;
				ASSETCATALOG_COMPILER_GLOBAL_ACCENT_COLOR_NAME = AccentColor;
				CODE_SIGN_STYLE = Automatic;
				CURRENT_PROJECT_VERSION = 1;
				DEVELOPMENT_ASSET_PATHS = "OpenMarket_SwiftUI/Source/Preview\\ Content/Preview\\ Assets.xcassets";
				DEVELOPMENT_TEAM = BH7V49ZZ2G;
				ENABLE_PREVIEWS = YES;
				GENERATE_INFOPLIST_FILE = YES;
				INFOPLIST_KEY_UIApplicationSceneManifest_Generation = YES;
				INFOPLIST_KEY_UIApplicationSupportsIndirectInputEvents = YES;
				INFOPLIST_KEY_UILaunchScreen_Generation = YES;
				INFOPLIST_KEY_UISupportedInterfaceOrientations_iPad = "UIInterfaceOrientationPortrait UIInterfaceOrientationPortraitUpsideDown UIInterfaceOrientationLandscapeLeft UIInterfaceOrientationLandscapeRight";
				INFOPLIST_KEY_UISupportedInterfaceOrientations_iPhone = "UIInterfaceOrientationPortrait UIInterfaceOrientationLandscapeLeft UIInterfaceOrientationLandscapeRight";
				IPHONEOS_DEPLOYMENT_TARGET = 16.0;
				LD_RUNPATH_SEARCH_PATHS = (
					"$(inherited)",
					"@executable_path/Frameworks",
				);
				MARKETING_VERSION = 1.0;
				PRODUCT_BUNDLE_IDENTIFIER = "com.minii.OpenMarket-SwiftUI";
				PRODUCT_NAME = "$(TARGET_NAME)";
				SUPPORTED_PLATFORMS = "iphoneos iphonesimulator";
				SUPPORTS_MACCATALYST = NO;
				SUPPORTS_MAC_DESIGNED_FOR_IPHONE_IPAD = NO;
				SWIFT_EMIT_LOC_STRINGS = YES;
				SWIFT_VERSION = 5.0;
				TARGETED_DEVICE_FAMILY = 1;
			};
			name = Debug;
		};
		1825DF1629E55293007BAE8D /* Release */ = {
			isa = XCBuildConfiguration;
			buildSettings = {
				ASSETCATALOG_COMPILER_APPICON_NAME = AppIcon;
				ASSETCATALOG_COMPILER_GLOBAL_ACCENT_COLOR_NAME = AccentColor;
				CODE_SIGN_STYLE = Automatic;
				CURRENT_PROJECT_VERSION = 1;
				DEVELOPMENT_ASSET_PATHS = "OpenMarket_SwiftUI/Source/Preview\\ Content/Preview\\ Assets.xcassets";
				DEVELOPMENT_TEAM = BH7V49ZZ2G;
				ENABLE_PREVIEWS = YES;
				GENERATE_INFOPLIST_FILE = YES;
				INFOPLIST_KEY_UIApplicationSceneManifest_Generation = YES;
				INFOPLIST_KEY_UIApplicationSupportsIndirectInputEvents = YES;
				INFOPLIST_KEY_UILaunchScreen_Generation = YES;
				INFOPLIST_KEY_UISupportedInterfaceOrientations_iPad = "UIInterfaceOrientationPortrait UIInterfaceOrientationPortraitUpsideDown UIInterfaceOrientationLandscapeLeft UIInterfaceOrientationLandscapeRight";
				INFOPLIST_KEY_UISupportedInterfaceOrientations_iPhone = "UIInterfaceOrientationPortrait UIInterfaceOrientationLandscapeLeft UIInterfaceOrientationLandscapeRight";
				IPHONEOS_DEPLOYMENT_TARGET = 16.0;
				LD_RUNPATH_SEARCH_PATHS = (
					"$(inherited)",
					"@executable_path/Frameworks",
				);
				MARKETING_VERSION = 1.0;
				PRODUCT_BUNDLE_IDENTIFIER = "com.minii.OpenMarket-SwiftUI";
				PRODUCT_NAME = "$(TARGET_NAME)";
				SUPPORTED_PLATFORMS = "iphoneos iphonesimulator";
				SUPPORTS_MACCATALYST = NO;
				SUPPORTS_MAC_DESIGNED_FOR_IPHONE_IPAD = NO;
				SWIFT_EMIT_LOC_STRINGS = YES;
				SWIFT_VERSION = 5.0;
				TARGETED_DEVICE_FAMILY = 1;
			};
			name = Release;
		};
/* End XCBuildConfiguration section */

/* Begin XCConfigurationList section */
		1825DF0129E55293007BAE8D /* Build configuration list for PBXProject "OpenMarket_SwiftUI" */ = {
			isa = XCConfigurationList;
			buildConfigurations = (
				1825DF1229E55293007BAE8D /* Debug */,
				1825DF1329E55293007BAE8D /* Release */,
			);
			defaultConfigurationIsVisible = 0;
			defaultConfigurationName = Release;
		};
		1825DF1429E55293007BAE8D /* Build configuration list for PBXNativeTarget "OpenMarket_SwiftUI" */ = {
			isa = XCConfigurationList;
			buildConfigurations = (
				1825DF1529E55293007BAE8D /* Debug */,
				1825DF1629E55293007BAE8D /* Release */,
			);
			defaultConfigurationIsVisible = 0;
			defaultConfigurationName = Release;
		};
/* End XCConfigurationList section */

/* Begin XCRemoteSwiftPackageReference section */
		18911BF929EE670800110C3D /* XCRemoteSwiftPackageReference "Alamofire" */ = {
			isa = XCRemoteSwiftPackageReference;
			repositoryURL = "https://github.com/Alamofire/Alamofire.git";
			requirement = {
				kind = exactVersion;
				version = 5.6.4;
			};
		};
/* End XCRemoteSwiftPackageReference section */

/* Begin XCSwiftPackageProductDependency section */
		18911BFA29EE670800110C3D /* Alamofire */ = {
			isa = XCSwiftPackageProductDependency;
			package = 18911BF929EE670800110C3D /* XCRemoteSwiftPackageReference "Alamofire" */;
			productName = Alamofire;
		};
/* End XCSwiftPackageProductDependency section */
	};
	rootObject = 1825DEFE29E55293007BAE8D /* Project object */;
}
